
Microsoft Visual Studio Solution File, Format Version 12.00
# Visual Studio Version 17
VisualStudioVersion = 17.11.35208.52
MinimumVisualStudioVersion = 10.0.40219.1
Project("{FAE04EC0-301F-11D3-BF4B-00C04F79EFBC}") = "LTO_Project", "LTO_Project.csproj", "{7F6F6016-828C-4E21-A506-B0ACA9E29349}"
EndProject
Global
	GlobalSection(SolutionConfigurationPlatforms) = preSolution
		Debug|Any CPU = Debug|Any CPU
		Release|Any CPU = Release|Any CPU
	EndGlobalSection
	GlobalSection(ProjectConfigurationPlatforms) = postSolution
		{7F6F6016-828C-4E21-A506-B0ACA9E29349}.Debug|Any CPU.ActiveCfg = Debug|Any CPU
		{7F6F6016-828C-4E21-A506-B0ACA9E29349}.Debug|Any CPU.Build.0 = Debug|Any CPU
		{7F6F6016-828C-4E21-A506-B0ACA9E29349}.Release|Any CPU.ActiveCfg = Release|Any CPU
		{7F6F6016-828C-4E21-A506-B0ACA9E29349}.Release|Any CPU.Build.0 = Release|Any CPU
	EndGlobalSection
	GlobalSection(SolutionProperties) = preSolution
		HideSolutionNode = FALSE
	EndGlobalSection
	GlobalSection(ExtensibilityGlobals) = postSolution
		SolutionGuid = {930131CD-C475-423B-8822-7C68DAA298A0}
	EndGlobalSection
EndGlobal
